{
  "lockfileVersion": 1,
  "workspaces": {
    "": {
      "name": "dedot-validator-payout",
      "dependencies": {
        "@polkadot/keyring": "^13.5.1",
        "commander": "^14.0.0",
        "dedot": "^0.12.0",
        "redis": "^4.6.0",
      },
      "devDependencies": {
        "@dedot/chaintypes": "^0.111.0",
      },
    },
  },
  "packages": {
    "@dedot/api": ["@dedot/api@0.12.0", "", { "dependencies": { "@dedot/codecs": "0.12.0", "@dedot/providers": "0.12.0", "@dedot/runtime-specs": "0.12.0", "@dedot/shape": "0.12.0", "@dedot/storage": "0.12.0", "@dedot/types": "0.12.0", "@dedot/utils": "0.12.0" } }, "sha512-4D+dm/x8DIENlgCMbnWaQ0/bvjDbR4gm9vxN/tiKngI9QF2znTGXY4vaMVn0/cYKFjssikD00io/+GLFthb65w=="],

    "@dedot/chaintypes": ["@dedot/chaintypes@0.111.0", "", { "peerDependencies": { "dedot": ">=0.7.1" } }, "sha512-1uEl8t0oMVfH/80C6zRs4i7zhSlaAeixl7Kv3CaHcgvP3BbVbLvhmCGGOITC56OQYi6QdVZb9YbXiYQTbtNIYw=="],

    "@dedot/cli": ["@dedot/cli@0.12.0", "", { "dependencies": { "@dedot/api": "0.12.0", "@dedot/codecs": "0.12.0", "@dedot/codegen": "0.12.0", "@polkadot-api/wasm-executor": "^0.1.2", "@polkadot/types-support": "^15.10.2", "ora": "^8.2.0", "yargs": "^17.7.2" }, "bin": { "djs": "bin/dedot.mjs", "dedot": "bin/dedot.mjs" } }, "sha512-ZLHYvhbXDtowPjR6imSzg8Oj1/isC6DEeYYoshL8W1GcSbxsITMrn2Rb23gpMSHyWm/I9c9r7zqqhy90/cBQBg=="],

    "@dedot/codecs": ["@dedot/codecs@0.12.0", "", { "dependencies": { "@dedot/shape": "0.12.0", "@dedot/utils": "0.12.0" } }, "sha512-8/8SzdB3irLFR1s/PzcZBJlGSnffVPCYmnEMFh5jlCWn++9/KGdc3k/jDxJHzChitKnQJ+dQhNkN8EayTGhhHQ=="],

    "@dedot/codegen": ["@dedot/codegen@0.12.0", "", { "dependencies": { "@dedot/api": "0.12.0", "@dedot/codecs": "0.12.0", "@dedot/contracts": "0.12.0", "@dedot/providers": "0.12.0", "@dedot/runtime-specs": "0.12.0", "@dedot/shape": "0.12.0", "@dedot/types": "0.12.0", "@dedot/utils": "0.12.0", "handlebars": "^4.7.8", "prettier": "^3.4.2" } }, "sha512-HIWHW2R4kzL2dtmemZVvsZA1vz1AIBVmycexi6o/0+X+3MPdzebzPz82Bwt2UHThbjzOSYCQxJPO1ffovXAw8Q=="],

    "@dedot/contracts": ["@dedot/contracts@0.12.0", "", { "dependencies": { "@dedot/api": "0.12.0", "@dedot/codecs": "0.12.0", "@dedot/types": "0.12.0", "@dedot/utils": "0.12.0" } }, "sha512-no4L164vPKL0eooCczxqLVtXj+5Ig2GkwPCI7LaAQfQRvsN4dW9zNifuSI0slIcz7Xxzm+Tbxh4UhiORSrG/KA=="],

    "@dedot/merkleized-metadata": ["@dedot/merkleized-metadata@0.12.0", "", { "dependencies": { "@dedot/codecs": "0.12.0", "@dedot/shape": "0.12.0", "@dedot/utils": "0.12.0" } }, "sha512-qaSOcrDQdrcW/Pa0iOsSlxIQndbCPhUKnFsBL2ISwgkqWWc37TlezYc0/3TjUxCMvIm1ermrccufV+Z7ewmxUA=="],

    "@dedot/providers": ["@dedot/providers@0.12.0", "", { "dependencies": { "@dedot/utils": "0.12.0", "@polkadot/x-ws": "^13.5.1" } }, "sha512-neuICiB6dp3qqEGhgrjYzqGloxM4nQJbCrh3ff755d8x/D5V7z6jFy+rnqFTJCPSMo4uDsqz9MryR2JZMDMoNA=="],

    "@dedot/runtime-specs": ["@dedot/runtime-specs@0.12.0", "", { "dependencies": { "@dedot/codecs": "0.12.0", "@dedot/shape": "0.12.0", "@dedot/types": "0.12.0" } }, "sha512-jeTxfPxvJVm2YHfvczw3nhlgiqcvBXbBbgtgP9dVJybynJX2UCgokdHeqz+Bdzvr+ZjYcnmGuEQODwJYcOVjyw=="],

    "@dedot/shape": ["@dedot/shape@0.12.0", "", { "dependencies": { "@dedot/utils": "0.12.0", "deshape": "^0.1.0" } }, "sha512-xSdMmz0VMip8LArjB1YK8vn597Lo103KNOG9XTuAup5N4DNZNmbiFBcWhdabgRfoUEuc5rWRIWu0c+JHzsiIQA=="],

    "@dedot/smoldot": ["@dedot/smoldot@0.12.0", "", { "dependencies": { "smoldot": "^2.0.34" } }, "sha512-FcEhYvDJiuacNscXjBd0k+k8bna28S5MHDMzJ5JOOehQvPldDJKT7WtnVj0TtIrbbaKHeeOnAlrNWOoR4jMGXQ=="],

    "@dedot/storage": ["@dedot/storage@0.12.0", "", {}, "sha512-MQAoeZULNsp99gEuZZqt1CV1DfEh6JbxQWDOSsqCWtaV+VtHI51kSC+K8LpIvKVRwMfT+PcV/ggWJf3pyoDmXA=="],

    "@dedot/types": ["@dedot/types@0.12.0", "", { "dependencies": { "@dedot/codecs": "0.12.0", "@dedot/shape": "0.12.0", "@dedot/utils": "0.12.0" } }, "sha512-+cj8S8wfS7cMG/ILl2bKxdU8zP28rHfAm/Dj9m3XDjCyPaBZnYSm3EXU8YDrleTCdYl9McVt3JWmeGa6LIxF/Q=="],

    "@dedot/utils": ["@dedot/utils@0.12.0", "", { "dependencies": { "@noble/hashes": "^1.8.0", "@scure/base": "^1.2.5", "eventemitter3": "^5.0.1" } }, "sha512-veHZvC1uY2IPZMfxPd3yuI11+33I0px4D7nyQsUmM586f/pkTzdBtDsynpG3jG9UVw/TwZrpm8LTGV9NPw2REw=="],

    "@noble/curves": ["@noble/curves@1.9.1", "", { "dependencies": { "@noble/hashes": "1.8.0" } }, "sha512-k11yZxZg+t+gWvBbIswW0yoJlu8cHOC7dhunwOzoWH/mXGBiYyR4YY6hAEK/3EUs4UpB8la1RfdRpeGsFHkWsA=="],

    "@noble/hashes": ["@noble/hashes@1.8.0", "", {}, "sha512-jCs9ldd7NwzpgXDIf6P3+NrHh9/sD6CQdxHyjQI+h/6rDNo88ypBxxz45UDuZHz9r3tNz7N/VInSVoVdtXEI4A=="],

    "@polkadot-api/wasm-executor": ["@polkadot-api/wasm-executor@0.1.2", "", {}, "sha512-a5wGenltB3EFPdf72u8ewi6HsUg2qubUAf3ekJprZf24lTK3+w8a/GUF/y6r08LJF35MALZ32SAtLqtVTIOGnQ=="],

    "@polkadot/keyring": ["@polkadot/keyring@13.5.1", "", { "dependencies": { "@polkadot/util": "13.5.1", "@polkadot/util-crypto": "13.5.1", "tslib": "^2.8.0" } }, "sha512-dEl679aoMv9gOzWJA13Jb2HUGqRi6/zKjEtg+qbiEryCSjUqfNKyO8liuwMFy0VP3qxJb1FkxNe6MnG1NwbU5Q=="],

    "@polkadot/networks": ["@polkadot/networks@13.5.1", "", { "dependencies": { "@polkadot/util": "13.5.1", "@substrate/ss58-registry": "^1.51.0", "tslib": "^2.8.0" } }, "sha512-w5HS209pHZhqJ7AVqJqFApO4OcwlxjfQ7mp2dE/vL5qA5RnsEx/3fBYJ6h3z/k5Ggac0+Zl1vMZAF1gW8S/F9A=="],

    "@polkadot/types-support": ["@polkadot/types-support@15.10.2", "", { "dependencies": { "@polkadot/util": "^13.4.4", "tslib": "^2.8.1" } }, "sha512-sHamH6MehJa7aGZ/DHTB6vJAhSN5VrJx5lpDpb3xgBFTr0cVc5IsociqgJ/mgvyEIdLF3laraPxREqxCmuxTaQ=="],

    "@polkadot/util": ["@polkadot/util@13.5.1", "", { "dependencies": { "@polkadot/x-bigint": "13.5.1", "@polkadot/x-global": "13.5.1", "@polkadot/x-textdecoder": "13.5.1", "@polkadot/x-textencoder": "13.5.1", "@types/bn.js": "^5.1.6", "bn.js": "^5.2.1", "tslib": "^2.8.0" } }, "sha512-Anu4fsmMconvU+WXGFESNQp4qFjbvZnS4zD4I54W5gW70klrmrdfP2jGYhejVkm0Pf43RREN63G7Rew8+sXUmw=="],

    "@polkadot/util-crypto": ["@polkadot/util-crypto@13.5.1", "", { "dependencies": { "@noble/curves": "^1.3.0", "@noble/hashes": "^1.3.3", "@polkadot/networks": "13.5.1", "@polkadot/util": "13.5.1", "@polkadot/wasm-crypto": "^7.4.1", "@polkadot/wasm-util": "^7.4.1", "@polkadot/x-bigint": "13.5.1", "@polkadot/x-randomvalues": "13.5.1", "@scure/base": "^1.1.7", "tslib": "^2.8.0" } }, "sha512-HIuTRpkulIzmgCU+GIXbEEkVbikvrK+5v8XZ7Ll45m1dLsxnrJeEbNsCLUwI/+D9Jd0iF3+T12GybuetlXeu+A=="],

    "@polkadot/wasm-bridge": ["@polkadot/wasm-bridge@7.4.1", "", { "dependencies": { "@polkadot/wasm-util": "7.4.1", "tslib": "^2.7.0" }, "peerDependencies": { "@polkadot/util": "*", "@polkadot/x-randomvalues": "*" } }, "sha512-tdkJaV453tezBxhF39r4oeG0A39sPKGDJmN81LYLf+Fihb7astzwju+u75BRmDrHZjZIv00un3razJEWCxze6g=="],

    "@polkadot/wasm-crypto": ["@polkadot/wasm-crypto@7.4.1", "", { "dependencies": { "@polkadot/wasm-bridge": "7.4.1", "@polkadot/wasm-crypto-asmjs": "7.4.1", "@polkadot/wasm-crypto-init": "7.4.1", "@polkadot/wasm-crypto-wasm": "7.4.1", "@polkadot/wasm-util": "7.4.1", "tslib": "^2.7.0" }, "peerDependencies": { "@polkadot/util": "*", "@polkadot/x-randomvalues": "*" } }, "sha512-kHN/kF7hYxm1y0WeFLWeWir6oTzvcFmR4N8fJJokR+ajYbdmrafPN+6iLgQVbhZnDdxyv9jWDuRRsDnBx8tPMQ=="],

    "@polkadot/wasm-crypto-asmjs": ["@polkadot/wasm-crypto-asmjs@7.4.1", "", { "dependencies": { "tslib": "^2.7.0" }, "peerDependencies": { "@polkadot/util": "*" } }, "sha512-pwU8QXhUW7IberyHJIQr37IhbB6DPkCG5FhozCiNTq4vFBsFPjm9q8aZh7oX1QHQaiAZa2m2/VjIVE+FHGbvHQ=="],

    "@polkadot/wasm-crypto-init": ["@polkadot/wasm-crypto-init@7.4.1", "", { "dependencies": { "@polkadot/wasm-bridge": "7.4.1", "@polkadot/wasm-crypto-asmjs": "7.4.1", "@polkadot/wasm-crypto-wasm": "7.4.1", "@polkadot/wasm-util": "7.4.1", "tslib": "^2.7.0" }, "peerDependencies": { "@polkadot/util": "*", "@polkadot/x-randomvalues": "*" } }, "sha512-AVka33+f7MvXEEIGq5U0dhaA2SaXMXnxVCQyhJTaCnJ5bRDj0Xlm3ijwDEQUiaDql7EikbkkRtmlvs95eSUWYQ=="],

    "@polkadot/wasm-crypto-wasm": ["@polkadot/wasm-crypto-wasm@7.4.1", "", { "dependencies": { "@polkadot/wasm-util": "7.4.1", "tslib": "^2.7.0" }, "peerDependencies": { "@polkadot/util": "*" } }, "sha512-PE1OAoupFR0ZOV2O8tr7D1FEUAwaggzxtfs3Aa5gr+yxlSOaWUKeqsOYe1KdrcjmZVV3iINEAXxgrbzCmiuONg=="],

    "@polkadot/wasm-util": ["@polkadot/wasm-util@7.4.1", "", { "dependencies": { "tslib": "^2.7.0" }, "peerDependencies": { "@polkadot/util": "*" } }, "sha512-RAcxNFf3zzpkr+LX/ItAsvj+QyM56TomJ0xjUMo4wKkHjwsxkz4dWJtx5knIgQz/OthqSDMR59VNEycQeNuXzA=="],

    "@polkadot/x-bigint": ["@polkadot/x-bigint@13.5.1", "", { "dependencies": { "@polkadot/x-global": "13.5.1", "tslib": "^2.8.0" } }, "sha512-5GiYznWm/GdCe9nQwL/EEVLXFqK2JZqcNnWC/r196lRujqKd24r90WPHYw18d9fsii/8J4DOKc8cCRfxjMBdCw=="],

    "@polkadot/x-global": ["@polkadot/x-global@13.5.1", "", { "dependencies": { "tslib": "^2.8.0" } }, "sha512-8A9dvyGmXtQf8jCqGSxa4R8JLh43K8T1//ht7UU6Bsv7we2svdQ+O1FXblwAnAHCcboYeyYqzrTwnRnQlyrdWQ=="],

    "@polkadot/x-randomvalues": ["@polkadot/x-randomvalues@13.5.1", "", { "dependencies": { "@polkadot/x-global": "13.5.1", "tslib": "^2.8.0" }, "peerDependencies": { "@polkadot/util": "13.5.1", "@polkadot/wasm-util": "*" } }, "sha512-FT/A8EWIBNACWfxo+fDzRrkmK8TQxgaZjtr5E+/i8MYqscHFqiX9PmbMuoGC1T4w+piihHU1JD8rLTip2K8NIw=="],

    "@polkadot/x-textdecoder": ["@polkadot/x-textdecoder@13.5.1", "", { "dependencies": { "@polkadot/x-global": "13.5.1", "tslib": "^2.8.0" } }, "sha512-iInpeywdQDusB3fz7F+La74UQoTXC8F4CsmZYEoQeZekb6CoAgtLkQZhw7ckV5+MmscLeOvZCI1wYBRqCd+qqw=="],

    "@polkadot/x-textencoder": ["@polkadot/x-textencoder@13.5.1", "", { "dependencies": { "@polkadot/x-global": "13.5.1", "tslib": "^2.8.0" } }, "sha512-2QS22Eqrsjo7BCMHnL0EGheflDXSW0xpI+Zi0ULvci4uzHK4ZUgfFtEzEFg1kbKZ8ShvRpkQbGzp8nJqwijjgQ=="],

    "@polkadot/x-ws": ["@polkadot/x-ws@13.5.1", "", { "dependencies": { "@polkadot/x-global": "13.5.1", "tslib": "^2.8.0", "ws": "^8.18.0" } }, "sha512-z9ks9qd3G78nnXcMRQN9GXtJ5BRAwRaRCVngY/ot0o4dmOdPyiciyNPOC8lNWvXF8Z1zyUqkKWwzQ33DzPFCWQ=="],

    "@redis/bloom": ["@redis/bloom@1.2.0", "", { "peerDependencies": { "@redis/client": "^1.0.0" } }, "sha512-HG2DFjYKbpNmVXsa0keLHp/3leGJz1mjh09f2RLGGLQZzSHpkmZWuwJbAvo3QcRY8p80m5+ZdXZdYOSBLlp7Cg=="],

    "@redis/client": ["@redis/client@1.6.1", "", { "dependencies": { "cluster-key-slot": "1.1.2", "generic-pool": "3.9.0", "yallist": "4.0.0" } }, "sha512-/KCsg3xSlR+nCK8/8ZYSknYxvXHwubJrU82F3Lm1Fp6789VQ0/3RJKfsmRXjqfaTA++23CvC3hqmqe/2GEt6Kw=="],

    "@redis/graph": ["@redis/graph@1.1.1", "", { "peerDependencies": { "@redis/client": "^1.0.0" } }, "sha512-FEMTcTHZozZciLRl6GiiIB4zGm5z5F3F6a6FZCyrfxdKOhFlGkiAqlexWMBzCi4DcRoyiOsuLfW+cjlGWyExOw=="],

    "@redis/json": ["@redis/json@1.0.7", "", { "peerDependencies": { "@redis/client": "^1.0.0" } }, "sha512-6UyXfjVaTBTJtKNG4/9Z8PSpKE6XgSyEb8iwaqDcy+uKrd/DGYHTWkUdnQDyzm727V7p21WUMhsqz5oy65kPcQ=="],

    "@redis/search": ["@redis/search@1.2.0", "", { "peerDependencies": { "@redis/client": "^1.0.0" } }, "sha512-tYoDBbtqOVigEDMAcTGsRlMycIIjwMCgD8eR2t0NANeQmgK/lvxNAvYyb6bZDD4frHRhIHkJu2TBRvB0ERkOmw=="],

    "@redis/time-series": ["@redis/time-series@1.1.0", "", { "peerDependencies": { "@redis/client": "^1.0.0" } }, "sha512-c1Q99M5ljsIuc4YdaCwfUEXsofakb9c8+Zse2qxTadu8TalLXuAESzLvFAvNVbkmSlvlzIQOLpBCmWI9wTOt+g=="],

    "@scure/base": ["@scure/base@1.2.6", "", {}, "sha512-g/nm5FgUa//MCj1gV09zTJTaM6KBAHqLN907YVQqf7zC49+DcO4B1so4ZX07Ef10Twr6nuqYEH9GEggFXA4Fmg=="],

    "@substrate/ss58-registry": ["@substrate/ss58-registry@1.51.0", "", {}, "sha512-TWDurLiPxndFgKjVavCniytBIw+t4ViOi7TYp9h/D0NMmkEc9klFTo+827eyEJ0lELpqO207Ey7uGxUa+BS1jQ=="],

    "@types/bn.js": ["@types/bn.js@5.1.6", "", { "dependencies": { "@types/node": "*" } }, "sha512-Xh8vSwUeMKeYYrj3cX4lGQgFSF/N03r+tv4AiLl1SucqV+uTQpxRcnM8AkXKHwYP9ZPXOYXRr2KPXpVlIvqh9w=="],

    "@types/node": ["@types/node@20.17.57", "", { "dependencies": { "undici-types": "~6.19.2" } }, "sha512-f3T4y6VU4fVQDKVqJV4Uppy8c1p/sVvS3peyqxyWnzkqXFJLRU7Y1Bl7rMS1Qe9z0v4M6McY0Fp9yBsgHJUsWQ=="],

    "ansi-regex": ["ansi-regex@6.1.0", "", {}, "sha512-7HSX4QQb4CspciLpVFwyRe79O3xsIZDDLER21kERQ71oaPodF8jL725AgJMFAYbooIqolJoRLuM81SpeUkpkvA=="],

    "ansi-styles": ["ansi-styles@4.3.0", "", { "dependencies": { "color-convert": "^2.0.1" } }, "sha512-zbB9rCJAT1rbjiVDb2hqKFHNYLxgtk8NURxZ3IZwD3F6NtxbXZQCnnSi1Lkx+IDohdPlFp222wVALIheZJQSEg=="],

    "bn.js": ["bn.js@5.2.2", "", {}, "sha512-v2YAxEmKaBLahNwE1mjp4WON6huMNeuDvagFZW+ASCuA/ku0bXR9hSMw0XpiqMoA3+rmnyck/tPRSFQkoC9Cuw=="],

    "chalk": ["chalk@5.4.1", "", {}, "sha512-zgVZuo2WcZgfUEmsn6eO3kINexW8RAE4maiQ8QNs8CtpPCSyMiYsULR3HQYkm3w8FIA3SberyMJMSldGsW+U3w=="],

    "cli-cursor": ["cli-cursor@5.0.0", "", { "dependencies": { "restore-cursor": "^5.0.0" } }, "sha512-aCj4O5wKyszjMmDT4tZj93kxyydN/K5zPWSCe6/0AV/AA1pqe5ZBIw0a2ZfPQV7lL5/yb5HsUreJ6UFAF1tEQw=="],

    "cli-spinners": ["cli-spinners@2.9.2", "", {}, "sha512-ywqV+5MmyL4E7ybXgKys4DugZbX0FC6LnwrhjuykIjnK9k8OQacQ7axGKnjDXWNhns0xot3bZI5h55H8yo9cJg=="],

    "cliui": ["cliui@8.0.1", "", { "dependencies": { "string-width": "^4.2.0", "strip-ansi": "^6.0.1", "wrap-ansi": "^7.0.0" } }, "sha512-BSeNnyus75C4//NQ9gQt1/csTXyo/8Sb+afLAkzAptFuMsod9HFokGNudZpi/oQV73hnVK+sR+5PVRMd+Dr7YQ=="],

    "cluster-key-slot": ["cluster-key-slot@1.1.2", "", {}, "sha512-RMr0FhtfXemyinomL4hrWcYJxmX6deFdCxpJzhDttxgO1+bcCnkk+9drydLVDmAMG7NE6aN/fl4F7ucU/90gAA=="],

    "color-convert": ["color-convert@2.0.1", "", { "dependencies": { "color-name": "~1.1.4" } }, "sha512-RRECPsj7iu/xb5oKYcsFHSppFNnsj/52OVTRKb4zP5onXwVF3zVmmToNcOfGC+CRDpfK/U584fMg38ZHCaElKQ=="],

    "color-name": ["color-name@1.1.4", "", {}, "sha512-dOy+3AuW3a2wNbZHIuMZpTcgjGuLU/uBL/ubcZF9OXbDo8ff4O8yVp5Bf0efS8uEoYo5q4Fx7dY9OgQGXgAsQA=="],

    "commander": ["commander@14.0.0", "", {}, "sha512-2uM9rYjPvyq39NwLRqaiLtWHyDC1FvryJDa2ATTVims5YAS4PupsEQsDvP14FqhFr0P49CYDugi59xaxJlTXRA=="],

    "dedot": ["dedot@0.12.0", "", { "dependencies": { "@dedot/api": "0.12.0", "@dedot/cli": "0.12.0", "@dedot/codecs": "0.12.0", "@dedot/contracts": "0.12.0", "@dedot/merkleized-metadata": "0.12.0", "@dedot/providers": "0.12.0", "@dedot/runtime-specs": "0.12.0", "@dedot/shape": "0.12.0", "@dedot/smoldot": "0.12.0", "@dedot/types": "0.12.0", "@dedot/utils": "0.12.0", "smoldot": "^2.0.34" }, "bin": { "djs": "bin/dedot.mjs", "dedot": "bin/dedot.mjs" } }, "sha512-Qai5ri7hYmaMMPn0bst2qhw2vhRSizQ3VyKn8rZp6ot1P3LmYv4ynPcxWfqjnFs+EriALc3L82NXODmwuvXmRQ=="],

    "deshape": ["deshape@0.1.0", "", {}, "sha512-6Z941WJcKPE2nMz2lqq5H3OlOAgxECQqOj/OtHluaqgM8ajKESt/vcexMkUw7JGzeuLVKXkGe7+vsCC71NC9SQ=="],

    "emoji-regex": ["emoji-regex@10.4.0", "", {}, "sha512-EC+0oUMY1Rqm4O6LLrgjtYDvcVYTy7chDnM4Q7030tP4Kwj3u/pR6gP9ygnp2CJMK5Gq+9Q2oqmrFJAz01DXjw=="],

    "escalade": ["escalade@3.2.0", "", {}, "sha512-WUj2qlxaQtO4g6Pq5c29GTcWGDyd8itL8zTlipgECz3JesAiiOKotd8JU6otB3PACgG6xkJUyVhboMS+bje/jA=="],

    "eventemitter3": ["eventemitter3@5.0.1", "", {}, "sha512-GWkBvjiSZK87ELrYOSESUYeVIc9mvLLf/nXalMOS5dYrgZq9o5OVkbZAVM06CVxYsCwH9BDZFPlQTlPA1j4ahA=="],

    "generic-pool": ["generic-pool@3.9.0", "", {}, "sha512-hymDOu5B53XvN4QT9dBmZxPX4CWhBPPLguTZ9MMFeFa/Kg0xWVfylOVNlJji/E7yTZWFd/q9GO5TxDLq156D7g=="],

    "get-caller-file": ["get-caller-file@2.0.5", "", {}, "sha512-DyFP3BM/3YHTQOCUL/w0OZHR0lpKeGrxotcHWcqNEdnltqFwXVfhEBQ94eIo34AfQpo0rGki4cyIiftY06h2Fg=="],

    "get-east-asian-width": ["get-east-asian-width@1.3.0", "", {}, "sha512-vpeMIQKxczTD/0s2CdEWHcb0eeJe6TFjxb+J5xgX7hScxqrGuyjmv4c1D4A/gelKfyox0gJJwIHF+fLjeaM8kQ=="],

    "handlebars": ["handlebars@4.7.8", "", { "dependencies": { "minimist": "^1.2.5", "neo-async": "^2.6.2", "source-map": "^0.6.1", "wordwrap": "^1.0.0" }, "optionalDependencies": { "uglify-js": "^3.1.4" }, "bin": { "handlebars": "bin/handlebars" } }, "sha512-vafaFqs8MZkRrSX7sFVUdo3ap/eNiLnb4IakshzvP56X5Nr1iGKAIqdX6tMlm6HcNRIkr6AxO5jFEoJzzpT8aQ=="],

    "is-fullwidth-code-point": ["is-fullwidth-code-point@3.0.0", "", {}, "sha512-zymm5+u+sCsSWyD9qNaejV3DFvhCKclKdizYaJUuHA83RLjb7nSuGnddCHGv0hk+KY7BMAlsWeK4Ueg6EV6XQg=="],

    "is-interactive": ["is-interactive@2.0.0", "", {}, "sha512-qP1vozQRI+BMOPcjFzrjXuQvdak2pHNUMZoeG2eRbiSqyvbEf/wQtEOTOX1guk6E3t36RkaqiSt8A/6YElNxLQ=="],

    "is-unicode-supported": ["is-unicode-supported@2.1.0", "", {}, "sha512-mE00Gnza5EEB3Ds0HfMyllZzbBrmLOX3vfWoj9A9PEnTfratQ/BcaJOuMhnkhjXvb2+FkY3VuHqtAGpTPmglFQ=="],

    "log-symbols": ["log-symbols@6.0.0", "", { "dependencies": { "chalk": "^5.3.0", "is-unicode-supported": "^1.3.0" } }, "sha512-i24m8rpwhmPIS4zscNzK6MSEhk0DUWa/8iYQWxhffV8jkI4Phvs3F+quL5xvS0gdQR0FyTCMMH33Y78dDTzzIw=="],

    "mimic-function": ["mimic-function@5.0.1", "", {}, "sha512-VP79XUPxV2CigYP3jWwAUFSku2aKqBH7uTAapFWCBqutsbmDo96KY5o8uh6U+/YSIn5OxJnXp73beVkpqMIGhA=="],

    "minimist": ["minimist@1.2.8", "", {}, "sha512-2yyAR8qBkN3YuheJanUpWC5U3bb5osDywNB8RzDVlDwDHbocAJveqqj1u8+SVD7jkWT4yvsHCpWqqWqAxb0zCA=="],

    "neo-async": ["neo-async@2.6.2", "", {}, "sha512-Yd3UES5mWCSqR+qNT93S3UoYUkqAZ9lLg8a7g9rimsWmYGK8cVToA4/sF3RrshdyV3sAGMXVUmpMYOw+dLpOuw=="],

    "onetime": ["onetime@7.0.0", "", { "dependencies": { "mimic-function": "^5.0.0" } }, "sha512-VXJjc87FScF88uafS3JllDgvAm+c/Slfz06lorj2uAY34rlUu0Nt+v8wreiImcrgAjjIHp1rXpTDlLOGw29WwQ=="],

    "ora": ["ora@8.2.0", "", { "dependencies": { "chalk": "^5.3.0", "cli-cursor": "^5.0.0", "cli-spinners": "^2.9.2", "is-interactive": "^2.0.0", "is-unicode-supported": "^2.0.0", "log-symbols": "^6.0.0", "stdin-discarder": "^0.2.2", "string-width": "^7.2.0", "strip-ansi": "^7.1.0" } }, "sha512-weP+BZ8MVNnlCm8c0Qdc1WSWq4Qn7I+9CJGm7Qali6g44e/PUzbjNqJX5NJ9ljlNMosfJvg1fKEGILklK9cwnw=="],

    "prettier": ["prettier@3.5.3", "", { "bin": { "prettier": "bin/prettier.cjs" } }, "sha512-QQtaxnoDJeAkDvDKWCLiwIXkTgRhwYDEQCghU9Z6q03iyek/rxRh/2lC3HB7P8sWT2xC/y5JDctPLBIGzHKbhw=="],

    "redis": ["redis@4.7.1", "", { "dependencies": { "@redis/bloom": "1.2.0", "@redis/client": "1.6.1", "@redis/graph": "1.1.1", "@redis/json": "1.0.7", "@redis/search": "1.2.0", "@redis/time-series": "1.1.0" } }, "sha512-S1bJDnqLftzHXHP8JsT5II/CtHWQrASX5K96REjWjlmWKrviSOLWmM7QnRLstAWsu1VBBV1ffV6DzCvxNP0UJQ=="],

    "require-directory": ["require-directory@2.1.1", "", {}, "sha512-fGxEI7+wsG9xrvdjsrlmL22OMTTiHRwAMroiEeMgq8gzoLC/PQr7RsRDSTLUg/bZAZtF+TVIkHc6/4RIKrui+Q=="],

    "restore-cursor": ["restore-cursor@5.1.0", "", { "dependencies": { "onetime": "^7.0.0", "signal-exit": "^4.1.0" } }, "sha512-oMA2dcrw6u0YfxJQXm342bFKX/E4sG9rbTzO9ptUcR/e8A33cHuvStiYOwH7fszkZlZ1z/ta9AAoPk2F4qIOHA=="],

    "signal-exit": ["signal-exit@4.1.0", "", {}, "sha512-bzyZ1e88w9O1iNJbKnOlvYTrWPDl46O1bG0D3XInv+9tkPrxrN8jUUTiFlDkkmKWgn1M6CfIA13SuGqOa9Korw=="],

    "smoldot": ["smoldot@2.0.35", "", { "dependencies": { "ws": "^8.8.1" } }, "sha512-miWiDZleigZJLzqamQsaqihlJh5krd56X8ItgF45GRVGbI0sTqkhUwcMPy1jm56qHKBmXPf5RJf3bpkKpAzGig=="],

    "source-map": ["source-map@0.6.1", "", {}, "sha512-UjgapumWlbMhkBgzT7Ykc5YXUT46F0iKu8SGXq0bcwP5dz/h0Plj6enJqjz1Zbq2l5WaqYnrVbwWOWMyF3F47g=="],

    "stdin-discarder": ["stdin-discarder@0.2.2", "", {}, "sha512-UhDfHmA92YAlNnCfhmq0VeNL5bDbiZGg7sZ2IvPsXubGkiNa9EC+tUTsjBRsYUAz87btI6/1wf4XoVvQ3uRnmQ=="],

    "string-width": ["string-width@7.2.0", "", { "dependencies": { "emoji-regex": "^10.3.0", "get-east-asian-width": "^1.0.0", "strip-ansi": "^7.1.0" } }, "sha512-tsaTIkKW9b4N+AEj+SVA+WhJzV7/zMhcSu78mLKWSk7cXMOSHsBKFWUs0fWwq8QyK3MgJBQRX6Gbi4kYbdvGkQ=="],

    "strip-ansi": ["strip-ansi@7.1.0", "", { "dependencies": { "ansi-regex": "^6.0.1" } }, "sha512-iq6eVVI64nQQTRYq2KtEg2d2uU7LElhTJwsH4YzIHZshxlgZms/wIc4VoDQTlG/IvVIrBKG06CrZnp0qv7hkcQ=="],

    "tslib": ["tslib@2.8.1", "", {}, "sha512-oJFu94HQb+KVduSUQL7wnpmqnfmLsOA/nAh6b6EH0wCEoK0/mPeXU6c3wKDV83MkOuHPRHtSXKKU99IBazS/2w=="],

    "uglify-js": ["uglify-js@3.19.3", "", { "bin": { "uglifyjs": "bin/uglifyjs" } }, "sha512-v3Xu+yuwBXisp6QYTcH4UbH+xYJXqnq2m/LtQVWKWzYc1iehYnLixoQDN9FH6/j9/oybfd6W9Ghwkl8+UMKTKQ=="],

    "undici-types": ["undici-types@6.19.8", "", {}, "sha512-ve2KP6f/JnbPBFyobGHuerC9g1FYGn/F8n1LWTwNxCEzd6IfqTwUQcNXgEtmmQ6DlRrC1hrSrBnCZPokRrDHjw=="],

    "wordwrap": ["wordwrap@1.0.0", "", {}, "sha512-gvVzJFlPycKc5dZN4yPkP8w7Dc37BtP1yczEneOb4uq34pXZcvrtRTmWV8W+Ume+XCxKgbjM+nevkyFPMybd4Q=="],

    "wrap-ansi": ["wrap-ansi@7.0.0", "", { "dependencies": { "ansi-styles": "^4.0.0", "string-width": "^4.1.0", "strip-ansi": "^6.0.0" } }, "sha512-YVGIj2kamLSTxw6NsZjoBxfSwsn0ycdesmc4p+Q21c5zPuZ1pl+NfxVdxPtdHvmNVOQ6XSYG4AUtyt/Fi7D16Q=="],

    "ws": ["ws@8.18.2", "", { "peerDependencies": { "bufferutil": "^4.0.1", "utf-8-validate": ">=5.0.2" }, "optionalPeers": ["bufferutil", "utf-8-validate"] }, "sha512-DMricUmwGZUVr++AEAe2uiVM7UoO9MAVZMDu05UQOaUII0lp+zOzLLU4Xqh/JvTqklB1T4uELaaPBKyjE1r4fQ=="],

    "y18n": ["y18n@5.0.8", "", {}, "sha512-0pfFzegeDWJHJIAmTLRP2DwHjdF5s7jo9tuztdQxAhINCdvS+3nGINqPd00AphqJR/0LhANUS6/+7SCb98YOfA=="],

    "yallist": ["yallist@4.0.0", "", {}, "sha512-3wdGidZyq5PB084XLES5TpOSRA3wjXAlIWMhum2kRcv/41Sn2emQ0dycQW4uZXLejwKvg6EsvbdlVL+FYEct7A=="],

    "yargs": ["yargs@17.7.2", "", { "dependencies": { "cliui": "^8.0.1", "escalade": "^3.1.1", "get-caller-file": "^2.0.5", "require-directory": "^2.1.1", "string-width": "^4.2.3", "y18n": "^5.0.5", "yargs-parser": "^21.1.1" } }, "sha512-7dSzzRQ++CKnNI/krKnYRV7JKKPUXMEh61soaHKg9mrWEhzFWhFnxPxGl+69cD1Ou63C13NUPCnmIcrvqCuM6w=="],

    "yargs-parser": ["yargs-parser@21.1.1", "", {}, "sha512-tVpsJW7DdjecAiFpbIB1e3qxIQsE6NoPc5/eTdrbbIC4h0LVsWhnoa3g+m2HclBIujHzsxZ4VJVA+GUuc2/LBw=="],

    "cliui/string-width": ["string-width@4.2.3", "", { "dependencies": { "emoji-regex": "^8.0.0", "is-fullwidth-code-point": "^3.0.0", "strip-ansi": "^6.0.1" } }, "sha512-wKyQRQpjJ0sIp62ErSZdGsjMJWsap5oRNihHhu6G7JVO/9jIB6UyevL+tXuOqrng8j/cxKTWyWUwvSTriiZz/g=="],

    "cliui/strip-ansi": ["strip-ansi@6.0.1", "", { "dependencies": { "ansi-regex": "^5.0.1" } }, "sha512-Y38VPSHcqkFrCpFnQ9vuSXmquuv5oXOKpGeT6aGrr3o3Gc9AlVa6JBfUSOCnbxGGZF+/0ooI7KrPuUSztUdU5A=="],

    "log-symbols/is-unicode-supported": ["is-unicode-supported@1.3.0", "", {}, "sha512-43r2mRvz+8JRIKnWJ+3j8JtjRKZ6GmjzfaE/qiBJnikNnYv/6bagRJ1kUhNk8R5EX/GkobD+r+sfxCPJsiKBLQ=="],

    "wrap-ansi/string-width": ["string-width@4.2.3", "", { "dependencies": { "emoji-regex": "^8.0.0", "is-fullwidth-code-point": "^3.0.0", "strip-ansi": "^6.0.1" } }, "sha512-wKyQRQpjJ0sIp62ErSZdGsjMJWsap5oRNihHhu6G7JVO/9jIB6UyevL+tXuOqrng8j/cxKTWyWUwvSTriiZz/g=="],

    "wrap-ansi/strip-ansi": ["strip-ansi@6.0.1", "", { "dependencies": { "ansi-regex": "^5.0.1" } }, "sha512-Y38VPSHcqkFrCpFnQ9vuSXmquuv5oXOKpGeT6aGrr3o3Gc9AlVa6JBfUSOCnbxGGZF+/0ooI7KrPuUSztUdU5A=="],

    "yargs/string-width": ["string-width@4.2.3", "", { "dependencies": { "emoji-regex": "^8.0.0", "is-fullwidth-code-point": "^3.0.0", "strip-ansi": "^6.0.1" } }, "sha512-wKyQRQpjJ0sIp62ErSZdGsjMJWsap5oRNihHhu6G7JVO/9jIB6UyevL+tXuOqrng8j/cxKTWyWUwvSTriiZz/g=="],

    "cliui/string-width/emoji-regex": ["emoji-regex@8.0.0", "", {}, "sha512-MSjYzcWNOA0ewAHpz0MxpYFvwg6yjy1NG3xteoqz644VCo/RPgnr1/GGt+ic3iJTzQ8Eu3TdM14SawnVUmGE6A=="],

    "cliui/strip-ansi/ansi-regex": ["ansi-regex@5.0.1", "", {}, "sha512-quJQXlTSUGL2LH9SUXo8VwsY4soanhgo6LNSm84E1LBcE8s3O0wpdiRzyR9z/ZZJMlMWv37qOOb9pdJlMUEKFQ=="],

    "wrap-ansi/string-width/emoji-regex": ["emoji-regex@8.0.0", "", {}, "sha512-MSjYzcWNOA0ewAHpz0MxpYFvwg6yjy1NG3xteoqz644VCo/RPgnr1/GGt+ic3iJTzQ8Eu3TdM14SawnVUmGE6A=="],

    "wrap-ansi/strip-ansi/ansi-regex": ["ansi-regex@5.0.1", "", {}, "sha512-quJQXlTSUGL2LH9SUXo8VwsY4soanhgo6LNSm84E1LBcE8s3O0wpdiRzyR9z/ZZJMlMWv37qOOb9pdJlMUEKFQ=="],

    "yargs/string-width/emoji-regex": ["emoji-regex@8.0.0", "", {}, "sha512-MSjYzcWNOA0ewAHpz0MxpYFvwg6yjy1NG3xteoqz644VCo/RPgnr1/GGt+ic3iJTzQ8Eu3TdM14SawnVUmGE6A=="],

    "yargs/string-width/strip-ansi": ["strip-ansi@6.0.1", "", { "dependencies": { "ansi-regex": "^5.0.1" } }, "sha512-Y38VPSHcqkFrCpFnQ9vuSXmquuv5oXOKpGeT6aGrr3o3Gc9AlVa6JBfUSOCnbxGGZF+/0ooI7KrPuUSztUdU5A=="],

    "yargs/string-width/strip-ansi/ansi-regex": ["ansi-regex@5.0.1", "", {}, "sha512-quJQXlTSUGL2LH9SUXo8VwsY4soanhgo6LNSm84E1LBcE8s3O0wpdiRzyR9z/ZZJMlMWv37qOOb9pdJlMUEKFQ=="],
  }
}
